lockfile_version: '1'
generated_at: '2026-05-05T13:39:49.965471+00:00'
apm_version: 0.12.1
dependencies:
- repo_url: mattpocock/skills
  host: github.com
  resolved_commit: b843cb5ea74b1fe5e58a0fc23cddef9e66076fb8
  resolved_ref: main
  virtual_path: skills/engineering/diagnose
  is_virtual: true
  package_type: claude_skill
  deployed_files:
  - .agents/skills/diagnose
  - .claude/skills/diagnose
  content_hash: sha256:eacaa3d6c8bfcf4c051fc1c12cb5c43f3549ccb1d447aa8b263abdc5b1eaceb5
- repo_url: mattpocock/skills
  host: github.com
  resolved_commit: b843cb5ea74b1fe5e58a0fc23cddef9e66076fb8
  resolved_ref: main
  virtual_path: skills/engineering/grill-with-docs
  is_virtual: true
  package_type: claude_skill
  deployed_files:
  - .agents/skills/grill-with-docs
  - .claude/skills/grill-with-docs
  content_hash: sha256:31a5b1ae116558bf7d3f633f442835f54bd7645923d4f45c7823e52a97317666
- repo_url: mattpocock/skills
  host: github.com
  resolved_commit: b843cb5ea74b1fe5e58a0fc23cddef9e66076fb8
  resolved_ref: main
  virtual_path: skills/productivity/grill-me
  is_virtual: true
  package_type: claude_skill
  deployed_files:
  - .agents/skills/grill-me
  - .claude/skills/grill-me
  content_hash: sha256:784f0dbb7403b0f00324bce9a112f715342777a0daee7bbb7385f9c6f0a170ea
- repo_url: srobroek/agentic-packages
  host: github.com
  resolved_commit: 00085d5ca0938fccb3ccee58dd447e5d55c13c3d
  resolved_ref: 00085d5
  virtual_path: .apm/wrappers/core
  is_virtual: true
  package_type: apm_package
  deployed_files:
  - .agents/skills/catchup
  - .agents/skills/code-review
  - .agents/skills/codebase-index
  - .agents/skills/codebase-memory
  - .agents/skills/commit-push-merge
  - .agents/skills/commit-push-pr
  - .agents/skills/explore
  - .agents/skills/handover
  - .agents/skills/optimize-steering
  - .agents/skills/prompt-lookup
  - .agents/skills/quick-commit
  - .agents/skills/research
  - .agents/skills/steering-audit
  - .agents/skills/unstuck
  - .agents/skills/verify
  - .agents/skills/web-fetch
  - .agents/skills/write-a-skill
  - .claude/agents/adversarial-challenger.md
  - .claude/agents/coder.md
  - .claude/agents/external-repo-worker.md
  - .claude/agents/pr-reviewer.md
  - .claude/rules/00-agentic-routing.md
  - .claude/rules/10-subagent-routing.md
  - .claude/rules/15-toolchain-defaults.md
  - .claude/rules/20-project-structure.md
  - .claude/rules/30-frontend.md
  - .claude/rules/31-frontend-ui.md
  - .claude/rules/40-backend.md
  - .claude/rules/41-api-contracts.md
  - .claude/rules/42-background-jobs.md
  - .claude/rules/50-data.md
  - .claude/rules/60-infrastructure.md
  - .claude/rules/75-docs-specs.md
  - .claude/rules/80-tools-scripts.md
  - .claude/rules/90-agentic-source-of-truth.md
  - .claude/skills/catchup
  - .claude/skills/code-review
  - .claude/skills/codebase-index
  - .claude/skills/codebase-memory
  - .claude/skills/commit-push-merge
  - .claude/skills/commit-push-pr
  - .claude/skills/explore
  - .claude/skills/handover
  - .claude/skills/optimize-steering
  - .claude/skills/prompt-lookup
  - .claude/skills/quick-commit
  - .claude/skills/research
  - .claude/skills/steering-audit
  - .claude/skills/unstuck
  - .claude/skills/verify
  - .claude/skills/web-fetch
  - .claude/skills/write-a-skill
  - .codex/agents/adversarial-challenger.toml
  - .codex/agents/coder.toml
  - .codex/agents/external-repo-worker.toml
  - .codex/agents/pr-reviewer.toml
  deployed_file_hashes:
    .claude/agents/adversarial-challenger.md: sha256:da7ec523fdc9e7542d6fd3c1f6f1f581c5e41e686ff0e58efd7c339716367e47
    .claude/agents/coder.md: sha256:5ad31ae1b4032fffb58f3db6a33075f9b186936aaffd1ada2c9e90c0b0a68ddd
    .claude/agents/external-repo-worker.md: sha256:dcd51bd3c971cf2c7f573a8c8f41b41d38eb90ed2b711fbc06d47f8439897cee
    .claude/agents/pr-reviewer.md: sha256:42e9256669eec0583f129cf66970689f72b458e5e07b76bda2899d27f67a8abe
    .claude/rules/00-agentic-routing.md: sha256:7b2ee669ccad7d16df4855aa0edb504ef61ead590a22e56e2e42f1856e793ead
    .claude/rules/10-subagent-routing.md: sha256:ef42279c4c8a8661581e06caa8a74679e708a1f3cebe5194286e77aee6a7ce10
    .claude/rules/15-toolchain-defaults.md: sha256:8d49c6240314fa06c2373aadec54279c40ef5cb962b828424905cffaf3848d85
    .claude/rules/20-project-structure.md: sha256:379b41022c91725a37337c3fb889286891960b78d9f282c6467846c0abd4d93e
    .claude/rules/30-frontend.md: sha256:59c9d21ac9f657b6aafce4980cdc9afe3317c5461ddb9444bcfc634893e80540
    .claude/rules/31-frontend-ui.md: sha256:08ffaa8edc89b53177378635d2a7a8dece9f9c4ae276ac6365febff18a714e5c
    .claude/rules/40-backend.md: sha256:ab733a5531ef658c2fdad77f638e080efa7c9fe2895b362282a4346121c101bb
    .claude/rules/41-api-contracts.md: sha256:04eca10e38573b282bccabaac68b49e29cea8f42d14f817cd4ea5b2fe3c9ce1b
    .claude/rules/42-background-jobs.md: sha256:30b6f9f5d08d6276155fe2e346526c54d26847b6e45932702beaead0dd1b5f51
    .claude/rules/50-data.md: sha256:d9bdad2ce7c4c2c1e778bf5453443272c51d35e633da4d0430e770a8aa021fc1
    .claude/rules/60-infrastructure.md: sha256:d65ed985b3f59f36ee38a5890da996777b274aef489a0105bf0a98ee92c253e7
    .claude/rules/75-docs-specs.md: sha256:745604174926f6327a34d9c866b39e7da928a8a789a52aa6df43a954e1deb95b
    .claude/rules/80-tools-scripts.md: sha256:aff475ada8a57e72780b1c13664fc34bbdcf94ce0134a83d83bb8d2f1795dd18
    .claude/rules/90-agentic-source-of-truth.md: sha256:93e7865c5e496909a1ee74a9fd0b53ea000cf947214c07ae4d8a9d8774ae7f08
    .codex/agents/adversarial-challenger.toml: sha256:0cf04c140bc6633001305ee87b4ce3b69aedd40f4f5f26884ed50ee90e555626
    .codex/agents/coder.toml: sha256:6e553311f70dc3a5eb7800310c2027e392a8f5e871453a79edaf979f91cf700e
    .codex/agents/external-repo-worker.toml: sha256:2fa6b787d43c1fa80e1a357f6c44668c543a7703d67e93aa76751b6fbc79afb5
    .codex/agents/pr-reviewer.toml: sha256:9dc1aab83425f6c6652634805e34a8e18a5117de5740bc9fa8093a6e4129ef4e
  content_hash: sha256:0428f72fda9d3f1c1e7b85f2c4fb4ed31f8419f6e1740d1349e4c673fd2f668b
- repo_url: srobroek/agentic-packages
  host: github.com
  resolved_commit: 00085d5ca0938fccb3ccee58dd447e5d55c13c3d
  resolved_ref: 00085d5
  virtual_path: .apm/wrappers/language-rust
  is_virtual: true
  package_type: apm_package
  deployed_files:
  - .agents/skills/rust-quality
  - .claude/rules/73-language-rust.md
  - .claude/skills/rust-quality
  deployed_file_hashes:
    .claude/rules/73-language-rust.md: sha256:eef8da45c5721c958a369381894f84d6066b707cbba75b229c7c3a5c94a5a4d2
  content_hash: sha256:a159900e52b963da10d37c3651d107330bfd2ecebbcb74dde97c526d60cf3c9e
- repo_url: srobroek/agentic-packages
  host: github.com
  resolved_commit: 00085d5ca0938fccb3ccee58dd447e5d55c13c3d
  resolved_ref: 00085d5
  virtual_path: .apm/wrappers/speckit
  is_virtual: true
  package_type: apm_package
  deployed_files:
  - .agents/skills/speckit-bugfix
  - .claude/agents/speckit-implement-task.md
  - .claude/agents/speckit-research.md
  - .claude/agents/speckit-sync-conflicts.md
  - .claude/agents/speckit-sync.md
  - .claude/agents/speckit-verify-tasks.md
  - .claude/agents/speckit-verify.md
  - .claude/skills/speckit-bugfix
  - .codex/agents/speckit-implement-task.toml
  - .codex/agents/speckit-research.toml
  - .codex/agents/speckit-sync-conflicts.toml
  - .codex/agents/speckit-sync.toml
  - .codex/agents/speckit-verify-tasks.toml
  - .codex/agents/speckit-verify.toml
  deployed_file_hashes:
    .claude/agents/speckit-implement-task.md: sha256:9f10e6aa86f9c301fc4117c21c48aed94824181aa3b67dfc090d225161cc6ec9
    .claude/agents/speckit-research.md: sha256:83dcfc8b2dd823a61dfc920fec14c27e06e7b97279eb8d6b3b9b5c649df8ee07
    .claude/agents/speckit-sync-conflicts.md: sha256:8edf62d005ad3dd1232278e8f40d61d9859706f783d65826a9c552e7c454d4d4
    .claude/agents/speckit-sync.md: sha256:b4a890eca23dfbac1738fd425d03fd41fd2b201a121187bad8883291bd0633e9
    .claude/agents/speckit-verify-tasks.md: sha256:c63c0367e0586bb57bc3555038762f5a4f4003ead37ce6cf54e27e7ab0c5f1d7
    .claude/agents/speckit-verify.md: sha256:4b040fa29a7664c869c58009120de169147edf10eae61a47d77aeb4405a1b2c8
    .codex/agents/speckit-implement-task.toml: sha256:cb04b5ec6ff677a5978b3a88b9b174421874fe638a067cbd3a0cc55707f215cc
    .codex/agents/speckit-research.toml: sha256:02893a8e0ea3075d660fe1bd285c85e511f58a3b350ced7ba3dbede402d153b7
    .codex/agents/speckit-sync-conflicts.toml: sha256:535b4fd7d113035cf6fbdcc508bf8b021f92434d441da9994cd338726dabd5d3
    .codex/agents/speckit-sync.toml: sha256:572e2995ddf06c1900a144f4f393a3f71f7471abd7ff0888873a8261a2e9db37
    .codex/agents/speckit-verify-tasks.toml: sha256:6c957a25d211a06e9792d02b51e32adb9f7bcb0aa0c87cc1c3faea61f7a54303
    .codex/agents/speckit-verify.toml: sha256:863cfdc9c3c0ad67a1ed3c28cec6efaec8603fc99f4cb475a77a0b554b432511
  content_hash: sha256:0a42c0792c93ef1ad26bb63dbe61aaa6ecbc5d122f5a96280aa1adacfb325244
- repo_url: wshobson/agents
  host: github.com
  resolved_commit: ece811f23310a37ceb43496dbac0e244fe6845b6
  resolved_ref: main
  virtual_path: plugins/agent-orchestration
  is_virtual: true
  package_type: marketplace_plugin
  deployed_files:
  - .claude/agents/context-manager.md
  - .claude/commands/improve-agent.md
  - .claude/commands/multi-agent-optimize.md
  - .codex/agents/context-manager.toml
  deployed_file_hashes:
    .claude/agents/context-manager.md: sha256:881afcf9e95cdd8e1111236847231d34f1e1210ffecdfe8be8526d8a652b4ad9
    .claude/commands/improve-agent.md: sha256:f68cca3935b12ce43d03fe6351d2533a74602e3d7957e8a3810a071a7f8414fc
    .claude/commands/multi-agent-optimize.md: sha256:e825095060a5c0ace0772391417d22f0b0378babfbc4057412dfbba0b27dd0e9
    .codex/agents/context-manager.toml: sha256:910bccee285406c9f3bb9d47ed16df79512eb57661333e0dcae1474adfdce351
  content_hash: sha256:db7e60190211a6b64705c1f8a8a0b522d4f669d47ed8c5807d1e8a9bb185abb9
- repo_url: wshobson/agents
  host: github.com
  resolved_commit: ece811f23310a37ceb43496dbac0e244fe6845b6
  resolved_ref: main
  virtual_path: plugins/context-management
  is_virtual: true
  package_type: marketplace_plugin
  deployed_files:
  - .claude/commands/context-restore.md
  - .claude/commands/context-save.md
  deployed_file_hashes:
    .claude/commands/context-restore.md: sha256:f923f531a4065e712cba56ee1ffcffc1f44c3224213e7cf8c83b3209195866bd
    .claude/commands/context-save.md: sha256:eea6c3f2f4fc99ee01fbf99869044d95447f5a65b7be213255f0122384283cf4
  content_hash: sha256:9afe90bbc7a2355b960692a9b72e6d8c8d9612cdf42b46187285841357576c31
- repo_url: wshobson/agents
  host: github.com
  resolved_commit: ece811f23310a37ceb43496dbac0e244fe6845b6
  resolved_ref: main
  virtual_path: plugins/systems-programming
  is_virtual: true
  package_type: marketplace_plugin
  deployed_files:
  - .agents/skills/go-concurrency-patterns
  - .agents/skills/memory-safety-patterns
  - .agents/skills/rust-async-patterns
  - .claude/agents/c-pro.md
  - .claude/agents/cpp-pro.md
  - .claude/agents/golang-pro.md
  - .claude/agents/rust-pro.md
  - .claude/commands/rust-project.md
  - .claude/skills/go-concurrency-patterns
  - .claude/skills/memory-safety-patterns
  - .claude/skills/rust-async-patterns
  - .codex/agents/c-pro.toml
  - .codex/agents/cpp-pro.toml
  - .codex/agents/golang-pro.toml
  - .codex/agents/rust-pro.toml
  deployed_file_hashes:
    .claude/agents/c-pro.md: sha256:1ac8473f5321a0c285729b355bd7daf73e63e7a167fe87ab1f4a7b570f72f3c1
    .claude/agents/cpp-pro.md: sha256:0fe221390dce11b69caa128475d305f0dbff8854bcfaaaa19bcca5fa74c29b10
    .claude/agents/golang-pro.md: sha256:8e4dc761fb38caab96a1d898596ffee3b55fbf369b36ed9729290f48f13d8cf8
    .claude/agents/rust-pro.md: sha256:a327490f71278df0276b4e7dcc3991d45ace4a09cc068cf1632f5ec6fec11b52
    .claude/commands/rust-project.md: sha256:930087410ed8ab59d9203489149863cf45f3bcc0b5faae11d2b112a4cbf33cab
    .codex/agents/c-pro.toml: sha256:5a2656be8fde547321aee4d0a88d464451a4e051909abd2bebc26b056172c4a2
    .codex/agents/cpp-pro.toml: sha256:9b6b5e79b2286b39451f18f64a3c5f16c26fa9c1a10affc2fb59d88458090e06
    .codex/agents/golang-pro.toml: sha256:c1657c1238734efb3eda5d546f2e6077712299fb144c6bb2ac24d394edce57bd
    .codex/agents/rust-pro.toml: sha256:d4eb913afb324475bc833bda402625f2c6d62f7d6496c04a69e671daf04523bb
  content_hash: sha256:fd82f3b4bd15790aa30a799d0ae087d40dc64845c74f7f074983c575b3dbea76
